
Microsoft Visual Studio Solution File, Format Version 12.00
# Visual Studio Version 16
VisualStudioVersion = 16.0.28803.352
MinimumVisualStudioVersion = 10.0.40219.1
Project("{9A19103F-16F7-4668-BE54-9A1E7A4F7556}") = "MovieRecommenderMVC", "MovieRecommenderMVC\MovieRecommenderMVC.csproj", "{C228D06A-7F93-48AB-A7B0-717824AD5C92}"
EndProject
Project("{9A19103F-16F7-4668-BE54-9A1E7A4F7556}") = "MovieRecommenderMVC.BLL", "MovieRecommenderMVC.BLL\MovieRecommenderMVC.BLL.csproj", "{B812A366-A96D-43DF-9F79-1DC967F22446}"
EndProject
Project("{9A19103F-16F7-4668-BE54-9A1E7A4F7556}") = "MovieRecommenderMVC.DAL", "MovieRecommenderMVC.DAL\MovieRecommenderMVC.DAL.csproj", "{1A8903CE-F561-4DA7-8977-98FE40243D0D}"
EndProject
Project("{FAE04EC0-301F-11D3-BF4B-00C04F79EFBC}") = "UnitTestProject", "UnitTestProject\UnitTestProject.csproj", "{751643BC-D5D4-4358-8F4D-7036067CEDDF}"
EndProject
Global
	GlobalSection(SolutionConfigurationPlatforms) = preSolution
		Debug|Any CPU = Debug|Any CPU
		Release|Any CPU = Release|Any CPU
	EndGlobalSection
	GlobalSection(ProjectConfigurationPlatforms) = postSolution
		{C228D06A-7F93-48AB-A7B0-717824AD5C92}.Debug|Any CPU.ActiveCfg = Debug|Any CPU
		{C228D06A-7F93-48AB-A7B0-717824AD5C92}.Debug|Any CPU.Build.0 = Debug|Any CPU
		{C228D06A-7F93-48AB-A7B0-717824AD5C92}.Release|Any CPU.ActiveCfg = Release|Any CPU
		{C228D06A-7F93-48AB-A7B0-717824AD5C92}.Release|Any CPU.Build.0 = Release|Any CPU
		{B812A366-A96D-43DF-9F79-1DC967F22446}.Debug|Any CPU.ActiveCfg = Debug|Any CPU
		{B812A366-A96D-43DF-9F79-1DC967F22446}.Debug|Any CPU.Build.0 = Debug|Any CPU
		{B812A366-A96D-43DF-9F79-1DC967F22446}.Release|Any CPU.ActiveCfg = Release|Any CPU
		{B812A366-A96D-43DF-9F79-1DC967F22446}.Release|Any CPU.Build.0 = Release|Any CPU
		{1A8903CE-F561-4DA7-8977-98FE40243D0D}.Debug|Any CPU.ActiveCfg = Debug|Any CPU
		{1A8903CE-F561-4DA7-8977-98FE40243D0D}.Debug|Any CPU.Build.0 = Debug|Any CPU
		{1A8903CE-F561-4DA7-8977-98FE40243D0D}.Release|Any CPU.ActiveCfg = Release|Any CPU
		{1A8903CE-F561-4DA7-8977-98FE40243D0D}.Release|Any CPU.Build.0 = Release|Any CPU
		{751643BC-D5D4-4358-8F4D-7036067CEDDF}.Debug|Any CPU.ActiveCfg = Debug|Any CPU
		{751643BC-D5D4-4358-8F4D-7036067CEDDF}.Debug|Any CPU.Build.0 = Debug|Any CPU
		{751643BC-D5D4-4358-8F4D-7036067CEDDF}.Release|Any CPU.ActiveCfg = Release|Any CPU
		{751643BC-D5D4-4358-8F4D-7036067CEDDF}.Release|Any CPU.Build.0 = Release|Any CPU
	EndGlobalSection
	GlobalSection(SolutionProperties) = preSolution
		HideSolutionNode = FALSE
	EndGlobalSection
	GlobalSection(ExtensibilityGlobals) = postSolution
		SolutionGuid = {84E3983A-3CC1-4887-B323-79B4D8B239A0}
	EndGlobalSection
EndGlobal
